// !$*UTF8*$!
{
	archiveVersion = 1;
	classes = {
	};
	objectVersion = 48;
	objects = {

/* Begin PBXBuildFile section */
		81E962A81FE99CAB00D6D596 /* AppDelegate.swift in Sources */ = {isa = PBXBuildFile; fileRef = 81E962A71FE99CAB00D6D596 /* AppDelegate.swift */; };
		81E962AD1FE99CAB00D6D596 /* Main.storyboard in Resources */ = {isa = PBXBuildFile; fileRef = 81E962AB1FE99CAB00D6D596 /* Main.storyboard */; };
		81E962B21FE99CAB00D6D596 /* Assets.xcassets in Resources */ = {isa = PBXBuildFile; fileRef = 81E962B11FE99CAB00D6D596 /* Assets.xcassets */; };
		81E962B51FE99CAB00D6D596 /* LaunchScreen.storyboard in Resources */ = {isa = PBXBuildFile; fileRef = 81E962B31FE99CAB00D6D596 /* LaunchScreen.storyboard */; };
		81E962C31FE9A31600D6D596 /* User.swift in Sources */ = {isa = PBXBuildFile; fileRef = 81E962C21FE9A31600D6D596 /* User.swift */; };
		81E962C51FE9AC9400D6D596 /* UsersTableViewController.swift in Sources */ = {isa = PBXBuildFile; fileRef = 81E962C41FE9AC9400D6D596 /* UsersTableViewController.swift */; };
		81E962C71FE9ACA800D6D596 /* UserDetailViewController.swift in Sources */ = {isa = PBXBuildFile; fileRef = 81E962C61FE9ACA800D6D596 /* UserDetailViewController.swift */; };
		81E962C91FE9ACC100D6D596 /* UserTableViewCell.swift in Sources */ = {isa = PBXBuildFile; fileRef = 81E962C81FE9ACC100D6D596 /* UserTableViewCell.swift */; };
		81E962CB1FE9ACE200D6D596 /* UserController.swift in Sources */ = {isa = PBXBuildFile; fileRef = 81E962CA1FE9ACE200D6D596 /* UserController.swift */; };
		81E962CE1FE9AEA000D6D596 /* NetworkController.swift in Sources */ = {isa = PBXBuildFile; fileRef = 81E962CD1FE9AEA000D6D596 /* NetworkController.swift */; };
		81E962D01FE9AF4F00D6D596 /* ImageController.swift in Sources */ = {isa = PBXBuildFile; fileRef = 81E962CF1FE9AF4F00D6D596 /* ImageController.swift */; };
/* End PBXBuildFile section */

/* Begin PBXFileReference section */
		81E962A41FE99CAB00D6D596 /* TheMormons.app */ = {isa = PBXFileReference; explicitFileType = wrapper.application; includeInIndex = 0; path = TheMormons.app; sourceTree = BUILT_PRODUCTS_DIR; };
		81E962A71FE99CAB00D6D596 /* AppDelegate.swift */ = {isa = PBXFileReference; lastKnownFileType = sourcecode.swift; path = AppDelegate.swift; sourceTree = "<group>"; };
		81E962AC1FE99CAB00D6D596 /* Base */ = {isa = PBXFileReference; lastKnownFileType = file.storyboard; name = Base; path = Base.lproj/Main.storyboard; sourceTree = "<group>"; };
		81E962B11FE99CAB00D6D596 /* Assets.xcassets */ = {isa = PBXFileReference; lastKnownFileType = folder.assetcatalog; path = Assets.xcassets; sourceTree = "<group>"; };
		81E962B41FE99CAB00D6D596 /* Base */ = {isa = PBXFileReference; lastKnownFileType = file.storyboard; name = Base; path = Base.lproj/LaunchScreen.storyboard; sourceTree = "<group>"; };
		81E962B61FE99CAB00D6D596 /* Info.plist */ = {isa = PBXFileReference; lastKnownFileType = text.plist.xml; path = Info.plist; sourceTree = "<group>"; };
		81E962C21FE9A31600D6D596 /* User.swift */ = {isa = PBXFileReference; lastKnownFileType = sourcecode.swift; path = User.swift; sourceTree = "<group>"; };
		81E962C41FE9AC9400D6D596 /* UsersTableViewController.swift */ = {isa = PBXFileReference; lastKnownFileType = sourcecode.swift; path = UsersTableViewController.swift; sourceTree = "<group>"; };
		81E962C61FE9ACA800D6D596 /* UserDetailViewController.swift */ = {isa = PBXFileReference; lastKnownFileType = sourcecode.swift; path = UserDetailViewController.swift; sourceTree = "<group>"; };
		81E962C81FE9ACC100D6D596 /* UserTableViewCell.swift */ = {isa = PBXFileReference; lastKnownFileType = sourcecode.swift; path = UserTableViewCell.swift; sourceTree = "<group>"; };
		81E962CA1FE9ACE200D6D596 /* UserController.swift */ = {isa = PBXFileReference; lastKnownFileType = sourcecode.swift; path = UserController.swift; sourceTree = "<group>"; };
		81E962CD1FE9AEA000D6D596 /* NetworkController.swift */ = {isa = PBXFileReference; lastKnownFileType = sourcecode.swift; path = NetworkController.swift; sourceTree = "<group>"; };
		81E962CF1FE9AF4F00D6D596 /* ImageController.swift */ = {isa = PBXFileReference; lastKnownFileType = sourcecode.swift; path = ImageController.swift; sourceTree = "<group>"; };
/* End PBXFileReference section */

/* Begin PBXFrameworksBuildPhase section */
		81E962A11FE99CAB00D6D596 /* Frameworks */ = {
			isa = PBXFrameworksBuildPhase;
			buildActionMask = 2147483647;
			files = (
			);
			runOnlyForDeploymentPostprocessing = 0;
		};
/* End PBXFrameworksBuildPhase section */

/* Begin PBXGroup section */
		81E9629B1FE99CAB00D6D596 = {
			isa = PBXGroup;
			children = (
				81E962A61FE99CAB00D6D596 /* TheMormons */,
				81E962A51FE99CAB00D6D596 /* Products */,
			);
			sourceTree = "<group>";
		};
		81E962A51FE99CAB00D6D596 /* Products */ = {
			isa = PBXGroup;
			children = (
				81E962A41FE99CAB00D6D596 /* TheMormons.app */,
			);
			name = Products;
			sourceTree = "<group>";
		};
		81E962A61FE99CAB00D6D596 /* TheMormons */ = {
			isa = PBXGroup;
			children = (
				81E962A71FE99CAB00D6D596 /* AppDelegate.swift */,
				81E962C11FE99CD500D6D596 /* Storyboards */,
				81E962C01FE99CB900D6D596 /* Views */,
				81E962BE1FE99CB500D6D596 /* ViewControllers */,
				81E962BD1FE99CB400D6D596 /* ModelControllers */,
				81E962BC1FE99CB300D6D596 /* Models */,
				81E962CC1FE9AE8C00D6D596 /* Controllers */,
				81E962B61FE99CAB00D6D596 /* Info.plist */,
				81E962B11FE99CAB00D6D596 /* Assets.xcassets */,
			);
			path = TheMormons;
			sourceTree = "<group>";
		};
		81E962BC1FE99CB300D6D596 /* Models */ = {
			isa = PBXGroup;
			children = (
				81E962C21FE9A31600D6D596 /* User.swift */,
			);
			path = Models;
			sourceTree = "<group>";
		};
		81E962BD1FE99CB400D6D596 /* ModelControllers */ = {
			isa = PBXGroup;
			children = (
				81E962CA1FE9ACE200D6D596 /* UserController.swift */,
			);
			path = ModelControllers;
			sourceTree = "<group>";
		};
		81E962BE1FE99CB500D6D596 /* ViewControllers */ = {
			isa = PBXGroup;
			children = (
				81E962C41FE9AC9400D6D596 /* UsersTableViewController.swift */,
				81E962C61FE9ACA800D6D596 /* UserDetailViewController.swift */,
			);
			path = ViewControllers;
			sourceTree = "<group>";
		};
		81E962C01FE99CB900D6D596 /* Views */ = {
			isa = PBXGroup;
			children = (
				81E962C81FE9ACC100D6D596 /* UserTableViewCell.swift */,
			);
			path = Views;
			sourceTree = "<group>";
		};
		81E962C11FE99CD500D6D596 /* Storyboards */ = {
			isa = PBXGroup;
			children = (
				81E962AB1FE99CAB00D6D596 /* Main.storyboard */,
				81E962B31FE99CAB00D6D596 /* LaunchScreen.storyboard */,
			);
			path = Storyboards;
			sourceTree = "<group>";
		};
		81E962CC1FE9AE8C00D6D596 /* Controllers */ = {
			isa = PBXGroup;
			children = (
				81E962CD1FE9AEA000D6D596 /* NetworkController.swift */,
				81E962CF1FE9AF4F00D6D596 /* ImageController.swift */,
			);
			path = Controllers;
			sourceTree = "<group>";
		};
/* End PBXGroup section */

/* Begin PBXNativeTarget section */
		81E962A31FE99CAB00D6D596 /* TheMormons */ = {
			isa = PBXNativeTarget;
			buildConfigurationList = 81E962B91FE99CAB00D6D596 /* Build configuration list for PBXNativeTarget "TheMormons" */;
			buildPhases = (
				81E962A01FE99CAB00D6D596 /* Sources */,
				81E962A11FE99CAB00D6D596 /* Frameworks */,
				81E962A21FE99CAB00D6D596 /* Resources */,
			);
			buildRules = (
			);
			dependencies = (
			);
			name = TheMormons;
			productName = TheMormons;
			productReference = 81E962A41FE99CAB00D6D596 /* TheMormons.app */;
			productType = "com.apple.product-type.application";
		};
/* End PBXNativeTarget section */

/* Begin PBXProject section */
		81E9629C1FE99CAB00D6D596 /* Project object */ = {
			isa = PBXProject;
			attributes = {
				LastSwiftUpdateCheck = 0920;
				LastUpgradeCheck = 0920;
				ORGANIZATIONNAME = "Sterling Mortensen";
				TargetAttributes = {
					81E962A31FE99CAB00D6D596 = {
						CreatedOnToolsVersion = 9.2;
						ProvisioningStyle = Automatic;
					};
				};
			};
			buildConfigurationList = 81E9629F1FE99CAB00D6D596 /* Build configuration list for PBXProject "TheMormons" */;
			compatibilityVersion = "Xcode 8.0";
			developmentRegion = en;
			hasScannedForEncodings = 0;
			knownRegions = (
				en,
				Base,
			);
			mainGroup = 81E9629B1FE99CAB00D6D596;
			productRefGroup = 81E962A51FE99CAB00D6D596 /* Products */;
			projectDirPath = "";
			projectRoot = "";
			targets = (
				81E962A31FE99CAB00D6D596 /* TheMormons */,
			);
		};
/* End PBXProject section */

/* Begin PBXResourcesBuildPhase section */
		81E962A21FE99CAB00D6D596 /* Resources */ = {
			isa = PBXResourcesBuildPhase;
			buildActionMask = 2147483647;
			files = (
				81E962B51FE99CAB00D6D596 /* LaunchScreen.storyboard in Resources */,
				81E962B21FE99CAB00D6D596 /* Assets.xcassets in Resources */,
				81E962AD1FE99CAB00D6D596 /* Main.storyboard in Resources */,
			);
			runOnlyForDeploymentPostprocessing = 0;
		};
/* End PBXResourcesBuildPhase section */

/* Begin PBXSourcesBuildPhase section */
		81E962A01FE99CAB00D6D596 /* Sources */ = {
			isa = PBXSourcesBuildPhase;
			buildActionMask = 2147483647;
			files = (
				81E962CB1FE9ACE200D6D596 /* UserController.swift in Sources */,
				81E962C31FE9A31600D6D596 /* User.swift in Sources */,
				81E962A81FE99CAB00D6D596 /* AppDelegate.swift in Sources */,
				81E962C71FE9ACA800D6D596 /* UserDetailViewController.swift in Sources */,
				81E962C51FE9AC9400D6D596 /* UsersTableViewController.swift in Sources */,
				81E962CE1FE9AEA000D6D596 /* NetworkController.swift in Sources */,
				81E962C91FE9ACC100D6D596 /* UserTableViewCell.swift in Sources */,
				81E962D01FE9AF4F00D6D596 /* ImageController.swift in Sources */,
			);
			runOnlyForDeploymentPostprocessing = 0;
		};
/* End PBXSourcesBuildPhase section */

/* Begin PBXVariantGroup section */
		81E962AB1FE99CAB00D6D596 /* Main.storyboard */ = {
			isa = PBXVariantGroup;
			children = (
				81E962AC1FE99CAB00D6D596 /* Base */,
			);
			name = Main.storyboard;
			sourceTree = "<group>";
		};
		81E962B31FE99CAB00D6D596 /* LaunchScreen.storyboard */ = {
			isa = PBXVariantGroup;
			children = (
				81E962B41FE99CAB00D6D596 /* Base */,
			);
			name = LaunchScreen.storyboard;
			sourceTree = "<group>";
		};
/* End PBXVariantGroup section */

/* Begin XCBuildConfiguration section */
		81E962B71FE99CAB00D6D596 /* Debug */ = {
			isa = XCBuildConfiguration;
			buildSettings = {
				ALWAYS_SEARCH_USER_PATHS = NO;
				CLANG_ANALYZER_NONNULL = YES;
				CLANG_ANALYZER_NUMBER_OBJECT_CONVERSION = YES_AGGRESSIVE;
				CLANG_CXX_LANGUAGE_STANDARD = "gnu++14";
				CLANG_CXX_LIBRARY = "libc++";
				CLANG_ENABLE_MODULES = YES;
				CLANG_ENABLE_OBJC_ARC = YES;
				CLANG_WARN_BLOCK_CAPTURE_AUTORELEASING = YES;
				CLANG_WARN_BOOL_CONVERSION = YES;
				CLANG_WARN_COMMA = YES;
				CLANG_WARN_CONSTANT_CONVERSION = YES;
				CLANG_WARN_DIRECT_OBJC_ISA_USAGE = YES_ERROR;
				CLANG_WARN_DOCUMENTATION_COMMENTS = YES;
				CLANG_WARN_EMPTY_BODY = YES;
				CLANG_WARN_ENUM_CONVERSION = YES;
				CLANG_WARN_INFINITE_RECURSION = YES;
				CLANG_WARN_INT_CONVERSION = YES;
				CLANG_WARN_NON_LITERAL_NULL_CONVERSION = YES;
				CLANG_WARN_OBJC_LITERAL_CONVERSION = YES;
				CLANG_WARN_OBJC_ROOT_CLASS = YES_ERROR;
				CLANG_WARN_RANGE_LOOP_ANALYSIS = YES;
				CLANG_WARN_STRICT_PROTOTYPES = YES;
				CLANG_WARN_SUSPICIOUS_MOVE = YES;
				CLANG_WARN_UNGUARDED_AVAILABILITY = YES_AGGRESSIVE;
				CLANG_WARN_UNREACHABLE_CODE = YES;
				CLANG_WARN__DUPLICATE_METHOD_MATCH = YES;
				CODE_SIGN_IDENTITY = "iPhone Developer";
				COPY_PHASE_STRIP = NO;
				DEBUG_INFORMATION_FORMAT = dwarf;
				ENABLE_STRICT_OBJC_MSGSEND = YES;
				ENABLE_TESTABILITY = YES;
				GCC_C_LANGUAGE_STANDARD = gnu11;
				GCC_DYNAMIC_NO_PIC = NO;
				GCC_NO_COMMON_BLOCKS = YES;
				GCC_OPTIMIZATION_LEVEL = 0;
				GCC_PREPROCESSOR_DEFINITIONS = (
					"DEBUG=1",
					"$(inherited)",
				);
				GCC_WARN_64_TO_32_BIT_CONVERSION = YES;
				GCC_WARN_ABOUT_RETURN_TYPE = YES_ERROR;
				GCC_WARN_UNDECLARED_SELECTOR = YES;
				GCC_WARN_UNINITIALIZED_AUTOS = YES_AGGRESSIVE;
				GCC_WARN_UNUSED_FUNCTION = YES;
				GCC_WARN_UNUSED_VARIABLE = YES;
				IPHONEOS_DEPLOYMENT_TARGET = 11.2;
				MTL_ENABLE_DEBUG_INFO = YES;
				ONLY_ACTIVE_ARCH = YES;
				SDKROOT = iphoneos;
				SWIFT_ACTIVE_COMPILATION_CONDITIONS = DEBUG;
				SWIFT_OPTIMIZATION_LEVEL = "-Onone";
			};
			name = Debug;
		};
		81E962B81FE99CAB00D6D596 /* Release */ = {
			isa = XCBuildConfiguration;
			buildSettings = {
				ALWAYS_SEARCH_USER_PATHS = NO;
				CLANG_ANALYZER_NONNULL = YES;
				CLANG_ANALYZER_NUMBER_OBJECT_CONVERSION = YES_AGGRESSIVE;
				CLANG_CXX_LANGUAGE_STANDARD = "gnu++14";
				CLANG_CXX_LIBRARY = "libc++";
				CLANG_ENABLE_MODULES = YES;
				CLANG_ENABLE_OBJC_ARC = YES;
				CLANG_WARN_BLOCK_CAPTURE_AUTORELEASING = YES;
				CLANG_WARN_BOOL_CONVERSION = YES;
				CLANG_WARN_COMMA = YES;
				CLANG_WARN_CONSTANT_CONVERSION = YES;
				CLANG_WARN_DIRECT_OBJC_ISA_USAGE = YES_ERROR;
				CLANG_WARN_DOCUMENTATION_COMMENTS = YES;
				CLANG_WARN_EMPTY_BODY = YES;
				CLANG_WARN_ENUM_CONVERSION = YES;
				CLANG_WARN_INFINITE_RECURSION = YES;
				CLANG_WARN_INT_CONVERSION = YES;
				CLANG_WARN_NON_LITERAL_NULL_CONVERSION = YES;
				CLANG_WARN_OBJC_LITERAL_CONVERSION = YES;
				CLANG_WARN_OBJC_ROOT_CLASS = YES_ERROR;
				CLANG_WARN_RANGE_LOOP_ANALYSIS = YES;
				CLANG_WARN_STRICT_PROTOTYPES = YES;
				CLANG_WARN_SUSPICIOUS_MOVE = YES;
				CLANG_WARN_UNGUARDED_AVAILABILITY = YES_AGGRESSIVE;
				CLANG_WARN_UNREACHABLE_CODE = YES;
				CLANG_WARN__DUPLICATE_METHOD_MATCH = YES;
				CODE_SIGN_IDENTITY = "iPhone Developer";
				COPY_PHASE_STRIP = NO;
				DEBUG_INFORMATION_FORMAT = "dwarf-with-dsym";
				ENABLE_NS_ASSERTIONS = NO;
				ENABLE_STRICT_OBJC_MSGSEND = YES;
				GCC_C_LANGUAGE_STANDARD = gnu11;
				GCC_NO_COMMON_BLOCKS = YES;
				GCC_WARN_64_TO_32_BIT_CONVERSION = YES;
				GCC_WARN_ABOUT_RETURN_TYPE = YES_ERROR;
				GCC_WARN_UNDECLARED_SELECTOR = YES;
				GCC_WARN_UNINITIALIZED_AUTOS = YES_AGGRESSIVE;
				GCC_WARN_UNUSED_FUNCTION = YES;
				GCC_WARN_UNUSED_VARIABLE = YES;
				IPHONEOS_DEPLOYMENT_TARGET = 11.2;
				MTL_ENABLE_DEBUG_INFO = NO;
				SDKROOT = iphoneos;
				SWIFT_OPTIMIZATION_LEVEL = "-Owholemodule";
				VALIDATE_PRODUCT = YES;
			};
			name = Release;
		};
		81E962BA1FE99CAB00D6D596 /* Debug */ = {
			isa = XCBuildConfiguration;
			buildSettings = {
				ASSETCATALOG_COMPILER_APPICON_NAME = AppIcon;
				CODE_SIGN_STYLE = Automatic;
				INFOPLIST_FILE = TheMormons/Info.plist;
				LD_RUNPATH_SEARCH_PATHS = "$(inherited) @executable_path/Frameworks";
				PRODUCT_BUNDLE_IDENTIFIER = com.GitSwifty.TheMormons;
				PRODUCT_NAME = "$(TARGET_NAME)";
				SWIFT_VERSION = 4.0;
				TARGETED_DEVICE_FAMILY = "1,2";
			};
			name = Debug;
		};
		81E962BB1FE99CAB00D6D596 /* Release */ = {
			isa = XCBuildConfiguration;
			buildSettings = {
				ASSETCATALOG_COMPILER_APPICON_NAME = AppIcon;
				CODE_SIGN_STYLE = Automatic;
				INFOPLIST_FILE = TheMormons/Info.plist;
				LD_RUNPATH_SEARCH_PATHS = "$(inherited) @executable_path/Frameworks";
				PRODUCT_BUNDLE_IDENTIFIER = com.GitSwifty.TheMormons;
				PRODUCT_NAME = "$(TARGET_NAME)";
				SWIFT_VERSION = 4.0;
				TARGETED_DEVICE_FAMILY = "1,2";
			};
			name = Release;
		};
/* End XCBuildConfiguration section */

/* Begin XCConfigurationList section */
		81E9629F1FE99CAB00D6D596 /* Build configuration list for PBXProject "TheMormons" */ = {
			isa = XCConfigurationList;
			buildConfigurations = (
				81E962B71FE99CAB00D6D596 /* Debug */,
				81E962B81FE99CAB00D6D596 /* Release */,
			);
			defaultConfigurationIsVisible = 0;
			defaultConfigurationName = Release;
		};
		81E962B91FE99CAB00D6D596 /* Build configuration list for PBXNativeTarget "TheMormons" */ = {
			isa = XCConfigurationList;
			buildConfigurations = (
				81E962BA1FE99CAB00D6D596 /* Debug */,
				81E962BB1FE99CAB00D6D596 /* Release */,
			);
			defaultConfigurationIsVisible = 0;
			defaultConfigurationName = Release;
		};
/* End XCConfigurationList section */
	};
	rootObject = 81E9629C1FE99CAB00D6D596 /* Project object */;
}
